<Solution>
  <Project Path="GalaAuction.AppHost/GalaAuction.AppHost.csproj" />
  <Project Path="galaauction.client/galaauction.client.esproj">
    <Build />
  </Project>
  <Project Path="GalaAuction.Server/GalaAuction.Server.csproj" />
  <Project Path="GalaAuction.ServiceDefaults/GalaAuction.ServiceDefaults.csproj" />
</Solution>
